
Microsoft Visual Studio Solution File, Format Version 12.00
Project("{FAE04EC0-301F-11D3-BF4B-00C04F79EFBC}") = "WebAPI", "WebAPI\WebAPI.csproj", "{6E778226-18F9-4106-B616-0DE74CD7FC76}"
EndProject
Project("{FAE04EC0-301F-11D3-BF4B-00C04F79EFBC}") = "AngularFrontend", "AngularFrontend\AngularFrontend.csproj", "{E48DB8E1-C7E3-4EA2-9F73-58ADC0323080}"
EndProject
Global
	GlobalSection(SolutionConfigurationPlatforms) = preSolution
		Debug|Any CPU = Debug|Any CPU
		Release|Any CPU = Release|Any CPU
	EndGlobalSection
	GlobalSection(ProjectConfigurationPlatforms) = postSolution
		{6E778226-18F9-4106-B616-0DE74CD7FC76}.Debug|Any CPU.ActiveCfg = Debug|Any CPU
		{6E778226-18F9-4106-B616-0DE74CD7FC76}.Debug|Any CPU.Build.0 = Debug|Any CPU
		{6E778226-18F9-4106-B616-0DE74CD7FC76}.Release|Any CPU.ActiveCfg = Release|Any CPU
		{6E778226-18F9-4106-B616-0DE74CD7FC76}.Release|Any CPU.Build.0 = Release|Any CPU
		{E48DB8E1-C7E3-4EA2-9F73-58ADC0323080}.Debug|Any CPU.ActiveCfg = Debug|Any CPU
		{E48DB8E1-C7E3-4EA2-9F73-58ADC0323080}.Debug|Any CPU.Build.0 = Debug|Any CPU
		{E48DB8E1-C7E3-4EA2-9F73-58ADC0323080}.Release|Any CPU.ActiveCfg = Release|Any CPU
		{E48DB8E1-C7E3-4EA2-9F73-58ADC0323080}.Release|Any CPU.Build.0 = Release|Any CPU
	EndGlobalSection
EndGlobal
